// !$*UTF8*$!
{
	archiveVersion = 1;
	classes = {
	};
	objectVersion = 50;
	objects = {

/* Begin PBXBuildFile section */
		7DF90813250BE9C00059C354 /* AppDelegate.swift in Sources */ = {isa = PBXBuildFile; fileRef = 7DF90812250BE9C00059C354 /* AppDelegate.swift */; };
		7DF90815250BE9C00059C354 /* SceneDelegate.swift in Sources */ = {isa = PBXBuildFile; fileRef = 7DF90814250BE9C00059C354 /* SceneDelegate.swift */; };
		7DF90817250BE9C00059C354 /* ViewController.swift in Sources */ = {isa = PBXBuildFile; fileRef = 7DF90816250BE9C00059C354 /* ViewController.swift */; };
		7DF9081A250BE9C00059C354 /* Main.storyboard in Resources */ = {isa = PBXBuildFile; fileRef = 7DF90818250BE9C00059C354 /* Main.storyboard */; };
		7DF9081C250BE9C40059C354 /* Assets.xcassets in Resources */ = {isa = PBXBuildFile; fileRef = 7DF9081B250BE9C40059C354 /* Assets.xcassets */; };
		7DF9081F250BE9C40059C354 /* LaunchScreen.storyboard in Resources */ = {isa = PBXBuildFile; fileRef = 7DF9081D250BE9C40059C354 /* LaunchScreen.storyboard */; };
		7DF9082A250BE9C40059C354 /* TechPadTests.swift in Sources */ = {isa = PBXBuildFile; fileRef = 7DF90829250BE9C40059C354 /* TechPadTests.swift */; };
		7DF90835250BE9C40059C354 /* TechPadUITests.swift in Sources */ = {isa = PBXBuildFile; fileRef = 7DF90834250BE9C40059C354 /* TechPadUITests.swift */; };
/* End PBXBuildFile section */

/* Begin PBXContainerItemProxy section */
		7DF90826250BE9C40059C354 /* PBXContainerItemProxy */ = {
			isa = PBXContainerItemProxy;
			containerPortal = 7DF90807250BE9C00059C354 /* Project object */;
			proxyType = 1;
			remoteGlobalIDString = 7DF9080E250BE9C00059C354;
			remoteInfo = TechPad;
		};
		7DF90831250BE9C40059C354 /* PBXContainerItemProxy */ = {
			isa = PBXContainerItemProxy;
			containerPortal = 7DF90807250BE9C00059C354 /* Project object */;
			proxyType = 1;
			remoteGlobalIDString = 7DF9080E250BE9C00059C354;
			remoteInfo = TechPad;
		};
/* End PBXContainerItemProxy section */

/* Begin PBXFileReference section */
		7DF9080F250BE9C00059C354 /* TechPad.app */ = {isa = PBXFileReference; explicitFileType = wrapper.application; includeInIndex = 0; path = TechPad.app; sourceTree = BUILT_PRODUCTS_DIR; };
		7DF90812250BE9C00059C354 /* AppDelegate.swift */ = {isa = PBXFileReference; lastKnownFileType = sourcecode.swift; path = AppDelegate.swift; sourceTree = "<group>"; };
		7DF90814250BE9C00059C354 /* SceneDelegate.swift */ = {isa = PBXFileReference; lastKnownFileType = sourcecode.swift; path = SceneDelegate.swift; sourceTree = "<group>"; };
		7DF90816250BE9C00059C354 /* ViewController.swift */ = {isa = PBXFileReference; lastKnownFileType = sourcecode.swift; path = ViewController.swift; sourceTree = "<group>"; };
		7DF90819250BE9C00059C354 /* Base */ = {isa = PBXFileReference; lastKnownFileType = file.storyboard; name = Base; path = Base.lproj/Main.storyboard; sourceTree = "<group>"; };
		7DF9081B250BE9C40059C354 /* Assets.xcassets */ = {isa = PBXFileReference; lastKnownFileType = folder.assetcatalog; path = Assets.xcassets; sourceTree = "<group>"; };
		7DF9081E250BE9C40059C354 /* Base */ = {isa = PBXFileReference; lastKnownFileType = file.storyboard; name = Base; path = Base.lproj/LaunchScreen.storyboard; sourceTree = "<group>"; };
		7DF90820250BE9C40059C354 /* Info.plist */ = {isa = PBXFileReference; lastKnownFileType = text.plist.xml; path = Info.plist; sourceTree = "<group>"; };
		7DF90825250BE9C40059C354 /* TechPadTests.xctest */ = {isa = PBXFileReference; explicitFileType = wrapper.cfbundle; includeInIndex = 0; path = TechPadTests.xctest; sourceTree = BUILT_PRODUCTS_DIR; };
		7DF90829250BE9C40059C354 /* TechPadTests.swift */ = {isa = PBXFileReference; lastKnownFileType = sourcecode.swift; path = TechPadTests.swift; sourceTree = "<group>"; };
		7DF9082B250BE9C40059C354 /* Info.plist */ = {isa = PBXFileReference; lastKnownFileType = text.plist.xml; path = Info.plist; sourceTree = "<group>"; };
		7DF90830250BE9C40059C354 /* TechPadUITests.xctest */ = {isa = PBXFileReference; explicitFileType = wrapper.cfbundle; includeInIndex = 0; path = TechPadUITests.xctest; sourceTree = BUILT_PRODUCTS_DIR; };
		7DF90834250BE9C40059C354 /* TechPadUITests.swift */ = {isa = PBXFileReference; lastKnownFileType = sourcecode.swift; path = TechPadUITests.swift; sourceTree = "<group>"; };
		7DF90836250BE9C40059C354 /* Info.plist */ = {isa = PBXFileReference; lastKnownFileType = text.plist.xml; path = Info.plist; sourceTree = "<group>"; };
/* End PBXFileReference section */

/* Begin PBXFrameworksBuildPhase section */
		7DF9080C250BE9C00059C354 /* Frameworks */ = {
			isa = PBXFrameworksBuildPhase;
			buildActionMask = 2147483647;
			files = (
			);
			runOnlyForDeploymentPostprocessing = 0;
		};
		7DF90822250BE9C40059C354 /* Frameworks */ = {
			isa = PBXFrameworksBuildPhase;
			buildActionMask = 2147483647;
			files = (
			);
			runOnlyForDeploymentPostprocessing = 0;
		};
		7DF9082D250BE9C40059C354 /* Frameworks */ = {
			isa = PBXFrameworksBuildPhase;
			buildActionMask = 2147483647;
			files = (
			);
			runOnlyForDeploymentPostprocessing = 0;
		};
/* End PBXFrameworksBuildPhase section */

/* Begin PBXGroup section */
		7DF90806250BE9C00059C354 = {
			isa = PBXGroup;
			children = (
				7DF90811250BE9C00059C354 /* TechPad */,
				7DF90828250BE9C40059C354 /* TechPadTests */,
				7DF90833250BE9C40059C354 /* TechPadUITests */,
				7DF90810250BE9C00059C354 /* Products */,
			);
			sourceTree = "<group>";
		};
		7DF90810250BE9C00059C354 /* Products */ = {
			isa = PBXGroup;
			children = (
				7DF9080F250BE9C00059C354 /* TechPad.app */,
				7DF90825250BE9C40059C354 /* TechPadTests.xctest */,
				7DF90830250BE9C40059C354 /* TechPadUITests.xctest */,
			);
			name = Products;
			sourceTree = "<group>";
		};
		7DF90811250BE9C00059C354 /* TechPad */ = {
			isa = PBXGroup;
			children = (
				7DF90812250BE9C00059C354 /* AppDelegate.swift */,
				7DF90814250BE9C00059C354 /* SceneDelegate.swift */,
				7DF90816250BE9C00059C354 /* ViewController.swift */,
				7DF90818250BE9C00059C354 /* Main.storyboard */,
				7DF9081B250BE9C40059C354 /* Assets.xcassets */,
				7DF9081D250BE9C40059C354 /* LaunchScreen.storyboard */,
				7DF90820250BE9C40059C354 /* Info.plist */,
			);
			path = TechPad;
			sourceTree = "<group>";
		};
		7DF90828250BE9C40059C354 /* TechPadTests */ = {
			isa = PBXGroup;
			children = (
				7DF90829250BE9C40059C354 /* TechPadTests.swift */,
				7DF9082B250BE9C40059C354 /* Info.plist */,
			);
			path = TechPadTests;
			sourceTree = "<group>";
		};
		7DF90833250BE9C40059C354 /* TechPadUITests */ = {
			isa = PBXGroup;
			children = (
				7DF90834250BE9C40059C354 /* TechPadUITests.swift */,
				7DF90836250BE9C40059C354 /* Info.plist */,
			);
			path = TechPadUITests;
			sourceTree = "<group>";
		};
/* End PBXGroup section */

/* Begin PBXNativeTarget section */
		7DF9080E250BE9C00059C354 /* TechPad */ = {
			isa = PBXNativeTarget;
			buildConfigurationList = 7DF90839250BE9C40059C354 /* Build configuration list for PBXNativeTarget "TechPad" */;
			buildPhases = (
				7DF9080B250BE9C00059C354 /* Sources */,
				7DF9080C250BE9C00059C354 /* Frameworks */,
				7DF9080D250BE9C00059C354 /* Resources */,
			);
			buildRules = (
			);
			dependencies = (
			);
			name = TechPad;
			productName = TechPad;
			productReference = 7DF9080F250BE9C00059C354 /* TechPad.app */;
			productType = "com.apple.product-type.application";
		};
		7DF90824250BE9C40059C354 /* TechPadTests */ = {
			isa = PBXNativeTarget;
			buildConfigurationList = 7DF9083C250BE9C40059C354 /* Build configuration list for PBXNativeTarget "TechPadTests" */;
			buildPhases = (
				7DF90821250BE9C40059C354 /* Sources */,
				7DF90822250BE9C40059C354 /* Frameworks */,
				7DF90823250BE9C40059C354 /* Resources */,
			);
			buildRules = (
			);
			dependencies = (
				7DF90827250BE9C40059C354 /* PBXTargetDependency */,
			);
			name = TechPadTests;
			productName = TechPadTests;
			productReference = 7DF90825250BE9C40059C354 /* TechPadTests.xctest */;
			productType = "com.apple.product-type.bundle.unit-test";
		};
		7DF9082F250BE9C40059C354 /* TechPadUITests */ = {
			isa = PBXNativeTarget;
			buildConfigurationList = 7DF9083F250BE9C40059C354 /* Build configuration list for PBXNativeTarget "TechPadUITests" */;
			buildPhases = (
				7DF9082C250BE9C40059C354 /* Sources */,
				7DF9082D250BE9C40059C354 /* Frameworks */,
				7DF9082E250BE9C40059C354 /* Resources */,
			);
			buildRules = (
			);
			dependencies = (
				7DF90832250BE9C40059C354 /* PBXTargetDependency */,
			);
			name = TechPadUITests;
			productName = TechPadUITests;
			productReference = 7DF90830250BE9C40059C354 /* TechPadUITests.xctest */;
			productType = "com.apple.product-type.bundle.ui-testing";
		};
/* End PBXNativeTarget section */

/* Begin PBXProject section */
		7DF90807250BE9C00059C354 /* Project object */ = {
			isa = PBXProject;
			attributes = {
				LastSwiftUpdateCheck = 1130;
				LastUpgradeCheck = 1130;
				ORGANIZATIONNAME = "伊藤　陽香";
				TargetAttributes = {
					7DF9080E250BE9C00059C354 = {
						CreatedOnToolsVersion = 11.3.1;
					};
					7DF90824250BE9C40059C354 = {
						CreatedOnToolsVersion = 11.3.1;
						TestTargetID = 7DF9080E250BE9C00059C354;
					};
					7DF9082F250BE9C40059C354 = {
						CreatedOnToolsVersion = 11.3.1;
						TestTargetID = 7DF9080E250BE9C00059C354;
					};
				};
			};
			buildConfigurationList = 7DF9080A250BE9C00059C354 /* Build configuration list for PBXProject "TechPad" */;
			compatibilityVersion = "Xcode 9.3";
			developmentRegion = en;
			hasScannedForEncodings = 0;
			knownRegions = (
				en,
				Base,
			);
			mainGroup = 7DF90806250BE9C00059C354;
			productRefGroup = 7DF90810250BE9C00059C354 /* Products */;
			projectDirPath = "";
			projectRoot = "";
			targets = (
				7DF9080E250BE9C00059C354 /* TechPad */,
				7DF90824250BE9C40059C354 /* TechPadTests */,
				7DF9082F250BE9C40059C354 /* TechPadUITests */,
			);
		};
/* End PBXProject section */

/* Begin PBXResourcesBuildPhase section */
		7DF9080D250BE9C00059C354 /* Resources */ = {
			isa = PBXResourcesBuildPhase;
			buildActionMask = 2147483647;
			files = (
				7DF9081F250BE9C40059C354 /* LaunchScreen.storyboard in Resources */,
				7DF9081C250BE9C40059C354 /* Assets.xcassets in Resources */,
				7DF9081A250BE9C00059C354 /* Main.storyboard in Resources */,
			);
			runOnlyForDeploymentPostprocessing = 0;
		};
		7DF90823250BE9C40059C354 /* Resources */ = {
			isa = PBXResourcesBuildPhase;
			buildActionMask = 2147483647;
			files = (
			);
			runOnlyForDeploymentPostprocessing = 0;
		};
		7DF9082E250BE9C40059C354 /* Resources */ = {
			isa = PBXResourcesBuildPhase;
			buildActionMask = 2147483647;
			files = (
			);
			runOnlyForDeploymentPostprocessing = 0;
		};
/* End PBXResourcesBuildPhase section */

/* Begin PBXSourcesBuildPhase section */
		7DF9080B250BE9C00059C354 /* Sources */ = {
			isa = PBXSourcesBuildPhase;
			buildActionMask = 2147483647;
			files = (
				7DF90817250BE9C00059C354 /* ViewController.swift in Sources */,
				7DF90813250BE9C00059C354 /* AppDelegate.swift in Sources */,
				7DF90815250BE9C00059C354 /* SceneDelegate.swift in Sources */,
			);
			runOnlyForDeploymentPostprocessing = 0;
		};
		7DF90821250BE9C40059C354 /* Sources */ = {
			isa = PBXSourcesBuildPhase;
			buildActionMask = 2147483647;
			files = (
				7DF9082A250BE9C40059C354 /* TechPadTests.swift in Sources */,
			);
			runOnlyForDeploymentPostprocessing = 0;
		};
		7DF9082C250BE9C40059C354 /* Sources */ = {
			isa = PBXSourcesBuildPhase;
			buildActionMask = 2147483647;
			files = (
				7DF90835250BE9C40059C354 /* TechPadUITests.swift in Sources */,
			);
			runOnlyForDeploymentPostprocessing = 0;
		};
/* End PBXSourcesBuildPhase section */

/* Begin PBXTargetDependency section */
		7DF90827250BE9C40059C354 /* PBXTargetDependency */ = {
			isa = PBXTargetDependency;
			target = 7DF9080E250BE9C00059C354 /* TechPad */;
			targetProxy = 7DF90826250BE9C40059C354 /* PBXContainerItemProxy */;
		};
		7DF90832250BE9C40059C354 /* PBXTargetDependency */ = {
			isa = PBXTargetDependency;
			target = 7DF9080E250BE9C00059C354 /* TechPad */;
			targetProxy = 7DF90831250BE9C40059C354 /* PBXContainerItemProxy */;
		};
/* End PBXTargetDependency section */

/* Begin PBXVariantGroup section */
		7DF90818250BE9C00059C354 /* Main.storyboard */ = {
			isa = PBXVariantGroup;
			children = (
				7DF90819250BE9C00059C354 /* Base */,
			);
			name = Main.storyboard;
			sourceTree = "<group>";
		};
		7DF9081D250BE9C40059C354 /* LaunchScreen.storyboard */ = {
			isa = PBXVariantGroup;
			children = (
				7DF9081E250BE9C40059C354 /* Base */,
			);
			name = LaunchScreen.storyboard;
			sourceTree = "<group>";
		};
/* End PBXVariantGroup section */

/* Begin XCBuildConfiguration section */
		7DF90837250BE9C40059C354 /* Debug */ = {
			isa = XCBuildConfiguration;
			buildSettings = {
				ALWAYS_SEARCH_USER_PATHS = NO;
				CLANG_ANALYZER_NONNULL = YES;
				CLANG_ANALYZER_NUMBER_OBJECT_CONVERSION = YES_AGGRESSIVE;
				CLANG_CXX_LANGUAGE_STANDARD = "gnu++14";
				CLANG_CXX_LIBRARY = "libc++";
				CLANG_ENABLE_MODULES = YES;
				CLANG_ENABLE_OBJC_ARC = YES;
				CLANG_ENABLE_OBJC_WEAK = YES;
				CLANG_WARN_BLOCK_CAPTURE_AUTORELEASING = YES;
				CLANG_WARN_BOOL_CONVERSION = YES;
				CLANG_WARN_COMMA = YES;
				CLANG_WARN_CONSTANT_CONVERSION = YES;
				CLANG_WARN_DEPRECATED_OBJC_IMPLEMENTATIONS = YES;
				CLANG_WARN_DIRECT_OBJC_ISA_USAGE = YES_ERROR;
				CLANG_WARN_DOCUMENTATION_COMMENTS = YES;
				CLANG_WARN_EMPTY_BODY = YES;
				CLANG_WARN_ENUM_CONVERSION = YES;
				CLANG_WARN_INFINITE_RECURSION = YES;
				CLANG_WARN_INT_CONVERSION = YES;
				CLANG_WARN_NON_LITERAL_NULL_CONVERSION = YES;
				CLANG_WARN_OBJC_IMPLICIT_RETAIN_SELF = YES;
				CLANG_WARN_OBJC_LITERAL_CONVERSION = YES;
				CLANG_WARN_OBJC_ROOT_CLASS = YES_ERROR;
				CLANG_WARN_RANGE_LOOP_ANALYSIS = YES;
				CLANG_WARN_STRICT_PROTOTYPES = YES;
				CLANG_WARN_SUSPICIOUS_MOVE = YES;
				CLANG_WARN_UNGUARDED_AVAILABILITY = YES_AGGRESSIVE;
				CLANG_WARN_UNREACHABLE_CODE = YES;
				CLANG_WARN__DUPLICATE_METHOD_MATCH = YES;
				COPY_PHASE_STRIP = NO;
				DEBUG_INFORMATION_FORMAT = dwarf;
				ENABLE_STRICT_OBJC_MSGSEND = YES;
				ENABLE_TESTABILITY = YES;
				GCC_C_LANGUAGE_STANDARD = gnu11;
				GCC_DYNAMIC_NO_PIC = NO;
				GCC_NO_COMMON_BLOCKS = YES;
				GCC_OPTIMIZATION_LEVEL = 0;
				GCC_PREPROCESSOR_DEFINITIONS = (
					"DEBUG=1",
					"$(inherited)",
				);
				GCC_WARN_64_TO_32_BIT_CONVERSION = YES;
				GCC_WARN_ABOUT_RETURN_TYPE = YES_ERROR;
				GCC_WARN_UNDECLARED_SELECTOR = YES;
				GCC_WARN_UNINITIALIZED_AUTOS = YES_AGGRESSIVE;
				GCC_WARN_UNUSED_FUNCTION = YES;
				GCC_WARN_UNUSED_VARIABLE = YES;
				IPHONEOS_DEPLOYMENT_TARGET = 13.2;
				MTL_ENABLE_DEBUG_INFO = INCLUDE_SOURCE;
				MTL_FAST_MATH = YES;
				ONLY_ACTIVE_ARCH = YES;
				SDKROOT = iphoneos;
				SWIFT_ACTIVE_COMPILATION_CONDITIONS = DEBUG;
				SWIFT_OPTIMIZATION_LEVEL = "-Onone";
			};
			name = Debug;
		};
		7DF90838250BE9C40059C354 /* Release */ = {
			isa = XCBuildConfiguration;
			buildSettings = {
				ALWAYS_SEARCH_USER_PATHS = NO;
				CLANG_ANALYZER_NONNULL = YES;
				CLANG_ANALYZER_NUMBER_OBJECT_CONVERSION = YES_AGGRESSIVE;
				CLANG_CXX_LANGUAGE_STANDARD = "gnu++14";
				CLANG_CXX_LIBRARY = "libc++";
				CLANG_ENABLE_MODULES = YES;
				CLANG_ENABLE_OBJC_ARC = YES;
				CLANG_ENABLE_OBJC_WEAK = YES;
				CLANG_WARN_BLOCK_CAPTURE_AUTORELEASING = YES;
				CLANG_WARN_BOOL_CONVERSION = YES;
				CLANG_WARN_COMMA = YES;
				CLANG_WARN_CONSTANT_CONVERSION = YES;
				CLANG_WARN_DEPRECATED_OBJC_IMPLEMENTATIONS = YES;
				CLANG_WARN_DIRECT_OBJC_ISA_USAGE = YES_ERROR;
				CLANG_WARN_DOCUMENTATION_COMMENTS = YES;
				CLANG_WARN_EMPTY_BODY = YES;
				CLANG_WARN_ENUM_CONVERSION = YES;
				CLANG_WARN_INFINITE_RECURSION = YES;
				CLANG_WARN_INT_CONVERSION = YES;
				CLANG_WARN_NON_LITERAL_NULL_CONVERSION = YES;
				CLANG_WARN_OBJC_IMPLICIT_RETAIN_SELF = YES;
				CLANG_WARN_OBJC_LITERAL_CONVERSION = YES;
				CLANG_WARN_OBJC_ROOT_CLASS = YES_ERROR;
				CLANG_WARN_RANGE_LOOP_ANALYSIS = YES;
				CLANG_WARN_STRICT_PROTOTYPES = YES;
				CLANG_WARN_SUSPICIOUS_MOVE = YES;
				CLANG_WARN_UNGUARDED_AVAILABILITY = YES_AGGRESSIVE;
				CLANG_WARN_UNREACHABLE_CODE = YES;
				CLANG_WARN__DUPLICATE_METHOD_MATCH = YES;
				COPY_PHASE_STRIP = NO;
				DEBUG_INFORMATION_FORMAT = "dwarf-with-dsym";
				ENABLE_NS_ASSERTIONS = NO;
				ENABLE_STRICT_OBJC_MSGSEND = YES;
				GCC_C_LANGUAGE_STANDARD = gnu11;
				GCC_NO_COMMON_BLOCKS = YES;
				GCC_WARN_64_TO_32_BIT_CONVERSION = YES;
				GCC_WARN_ABOUT_RETURN_TYPE = YES_ERROR;
				GCC_WARN_UNDECLARED_SELECTOR = YES;
				GCC_WARN_UNINITIALIZED_AUTOS = YES_AGGRESSIVE;
				GCC_WARN_UNUSED_FUNCTION = YES;
				GCC_WARN_UNUSED_VARIABLE = YES;
				IPHONEOS_DEPLOYMENT_TARGET = 13.2;
				MTL_ENABLE_DEBUG_INFO = NO;
				MTL_FAST_MATH = YES;
				SDKROOT = iphoneos;
				SWIFT_COMPILATION_MODE = wholemodule;
				SWIFT_OPTIMIZATION_LEVEL = "-O";
				VALIDATE_PRODUCT = YES;
			};
			name = Release;
		};
		7DF9083A250BE9C40059C354 /* Debug */ = {
			isa = XCBuildConfiguration;
			buildSettings = {
				ASSETCATALOG_COMPILER_APPICON_NAME = AppIcon;
				CODE_SIGN_STYLE = Automatic;
				INFOPLIST_FILE = TechPad/Info.plist;
				LD_RUNPATH_SEARCH_PATHS = (
					"$(inherited)",
					"@executable_path/Frameworks",
				);
				PRODUCT_BUNDLE_IDENTIFIER = com.litech.TechPad;
				PRODUCT_NAME = "$(TARGET_NAME)";
				SWIFT_VERSION = 5.0;
				TARGETED_DEVICE_FAMILY = "1,2";
			};
			name = Debug;
		};
		7DF9083B250BE9C40059C354 /* Release */ = {
			isa = XCBuildConfiguration;
			buildSettings = {
				ASSETCATALOG_COMPILER_APPICON_NAME = AppIcon;
				CODE_SIGN_STYLE = Automatic;
				INFOPLIST_FILE = TechPad/Info.plist;
				LD_RUNPATH_SEARCH_PATHS = (
					"$(inherited)",
					"@executable_path/Frameworks",
				);
				PRODUCT_BUNDLE_IDENTIFIER = com.litech.TechPad;
				PRODUCT_NAME = "$(TARGET_NAME)";
				SWIFT_VERSION = 5.0;
				TARGETED_DEVICE_FAMILY = "1,2";
			};
			name = Release;
		};
		7DF9083D250BE9C40059C354 /* Debug */ = {
			isa = XCBuildConfiguration;
			buildSettings = {
				ALWAYS_EMBED_SWIFT_STANDARD_LIBRARIES = YES;
				BUNDLE_LOADER = "$(TEST_HOST)";
				CODE_SIGN_STYLE = Automatic;
				INFOPLIST_FILE = TechPadTests/Info.plist;
				IPHONEOS_DEPLOYMENT_TARGET = 13.2;
				LD_RUNPATH_SEARCH_PATHS = (
					"$(inherited)",
					"@executable_path/Frameworks",
					"@loader_path/Frameworks",
				);
				PRODUCT_BUNDLE_IDENTIFIER = com.litech.TechPadTests;
				PRODUCT_NAME = "$(TARGET_NAME)";
				SWIFT_VERSION = 5.0;
				TARGETED_DEVICE_FAMILY = "1,2";
				TEST_HOST = "$(BUILT_PRODUCTS_DIR)/TechPad.app/TechPad";
			};
			name = Debug;
		};
		7DF9083E250BE9C40059C354 /* Release */ = {
			isa = XCBuildConfiguration;
			buildSettings = {
				ALWAYS_EMBED_SWIFT_STANDARD_LIBRARIES = YES;
				BUNDLE_LOADER = "$(TEST_HOST)";
				CODE_SIGN_STYLE = Automatic;
				INFOPLIST_FILE = TechPadTests/Info.plist;
				IPHONEOS_DEPLOYMENT_TARGET = 13.2;
				LD_RUNPATH_SEARCH_PATHS = (
					"$(inherited)",
					"@executable_path/Frameworks",
					"@loader_path/Frameworks",
				);
				PRODUCT_BUNDLE_IDENTIFIER = com.litech.TechPadTests;
				PRODUCT_NAME = "$(TARGET_NAME)";
				SWIFT_VERSION = 5.0;
				TARGETED_DEVICE_FAMILY = "1,2";
				TEST_HOST = "$(BUILT_PRODUCTS_DIR)/TechPad.app/TechPad";
			};
			name = Release;
		};
		7DF90840250BE9C40059C354 /* Debug */ = {
			isa = XCBuildConfiguration;
			buildSettings = {
				ALWAYS_EMBED_SWIFT_STANDARD_LIBRARIES = YES;
				CODE_SIGN_STYLE = Automatic;
				INFOPLIST_FILE = TechPadUITests/Info.plist;
				LD_RUNPATH_SEARCH_PATHS = (
					"$(inherited)",
					"@executable_path/Frameworks",
					"@loader_path/Frameworks",
				);
				PRODUCT_BUNDLE_IDENTIFIER = com.litech.TechPadUITests;
				PRODUCT_NAME = "$(TARGET_NAME)";
				SWIFT_VERSION = 5.0;
				TARGETED_DEVICE_FAMILY = "1,2";
				TEST_TARGET_NAME = TechPad;
			};
			name = Debug;
		};
		7DF90841250BE9C40059C354 /* Release */ = {
			isa = XCBuildConfiguration;
			buildSettings = {
				ALWAYS_EMBED_SWIFT_STANDARD_LIBRARIES = YES;
				CODE_SIGN_STYLE = Automatic;
				INFOPLIST_FILE = TechPadUITests/Info.plist;
				LD_RUNPATH_SEARCH_PATHS = (
					"$(inherited)",
					"@executable_path/Frameworks",
					"@loader_path/Frameworks",
				);
				PRODUCT_BUNDLE_IDENTIFIER = com.litech.TechPadUITests;
				PRODUCT_NAME = "$(TARGET_NAME)";
				SWIFT_VERSION = 5.0;
				TARGETED_DEVICE_FAMILY = "1,2";
				TEST_TARGET_NAME = TechPad;
			};
			name = Release;
		};
/* End XCBuildConfiguration section */

/* Begin XCConfigurationList section */
		7DF9080A250BE9C00059C354 /* Build configuration list for PBXProject "TechPad" */ = {
			isa = XCConfigurationList;
			buildConfigurations = (
				7DF90837250BE9C40059C354 /* Debug */,
				7DF90838250BE9C40059C354 /* Release */,
			);
			defaultConfigurationIsVisible = 0;
			defaultConfigurationName = Release;
		};
		7DF90839250BE9C40059C354 /* Build configuration list for PBXNativeTarget "TechPad" */ = {
			isa = XCConfigurationList;
			buildConfigurations = (
				7DF9083A250BE9C40059C354 /* Debug */,
				7DF9083B250BE9C40059C354 /* Release */,
			);
			defaultConfigurationIsVisible = 0;
			defaultConfigurationName = Release;
		};
		7DF9083C250BE9C40059C354 /* Build configuration list for PBXNativeTarget "TechPadTests" */ = {
			isa = XCConfigurationList;
			buildConfigurations = (
				7DF9083D250BE9C40059C354 /* Debug */,
				7DF9083E250BE9C40059C354 /* Release */,
			);
			defaultConfigurationIsVisible = 0;
			defaultConfigurationName = Release;
		};
		7DF9083F250BE9C40059C354 /* Build configuration list for PBXNativeTarget "TechPadUITests" */ = {
			isa = XCConfigurationList;
			buildConfigurations = (
				7DF90840250BE9C40059C354 /* Debug */,
				7DF90841250BE9C40059C354 /* Release */,
			);
			defaultConfigurationIsVisible = 0;
			defaultConfigurationName = Release;
		};
/* End XCConfigurationList section */
	};
	rootObject = 7DF90807250BE9C00059C354 /* Project object */;
}
